
Microsoft Visual Studio Solution File, Format Version 12.00
# Visual Studio 2013
VisualStudioVersion = 12.0.21005.1
MinimumVisualStudioVersion = 10.0.40219.1
Project("{FAE04EC0-301F-11D3-BF4B-00C04F79EFBC}") = "MerchantsGuide", "MerchantsGuide\MerchantsGuide.csproj", "{8A0BCF72-D475-4996-924B-93CE992066D4}"
EndProject
Project("{FAE04EC0-301F-11D3-BF4B-00C04F79EFBC}") = "MerchantsGuide.Tests", "MerchantsGuide.Tests\MerchantsGuide.Tests.csproj", "{2D8A0E72-01BA-45D2-B1CC-4C6A01E734EA}"
	ProjectSection(ProjectDependencies) = postProject
		{8A0BCF72-D475-4996-924B-93CE992066D4} = {8A0BCF72-D475-4996-924B-93CE992066D4}
	EndProjectSection
EndProject
Global
	GlobalSection(SolutionConfigurationPlatforms) = preSolution
		Debug|Any CPU = Debug|Any CPU
		Release|Any CPU = Release|Any CPU
	EndGlobalSection
	GlobalSection(ProjectConfigurationPlatforms) = postSolution
		{8A0BCF72-D475-4996-924B-93CE992066D4}.Debug|Any CPU.ActiveCfg = Debug|Any CPU
		{8A0BCF72-D475-4996-924B-93CE992066D4}.Debug|Any CPU.Build.0 = Debug|Any CPU
		{8A0BCF72-D475-4996-924B-93CE992066D4}.Release|Any CPU.ActiveCfg = Release|Any CPU
		{8A0BCF72-D475-4996-924B-93CE992066D4}.Release|Any CPU.Build.0 = Release|Any CPU
		{2D8A0E72-01BA-45D2-B1CC-4C6A01E734EA}.Debug|Any CPU.ActiveCfg = Debug|Any CPU
		{2D8A0E72-01BA-45D2-B1CC-4C6A01E734EA}.Debug|Any CPU.Build.0 = Debug|Any CPU
		{2D8A0E72-01BA-45D2-B1CC-4C6A01E734EA}.Release|Any CPU.ActiveCfg = Release|Any CPU
		{2D8A0E72-01BA-45D2-B1CC-4C6A01E734EA}.Release|Any CPU.Build.0 = Release|Any CPU
	EndGlobalSection
	GlobalSection(SolutionProperties) = preSolution
		HideSolutionNode = FALSE
	EndGlobalSection
EndGlobal
